
Microsoft Visual Studio Solution File, Format Version 12.00
# Visual Studio Version 16
VisualStudioVersion = 16.0.30804.86
MinimumVisualStudioVersion = 10.0.40219.1
Project("{2150E333-8FDC-42A3-9474-1A3956D46DE8}") = "Microservices", "Microservices", "{953D5788-7C40-4B77-8496-C9470E536979}"
EndProject
Project("{2150E333-8FDC-42A3-9474-1A3956D46DE8}") = "Domain", "Domain", "{A0CEE95D-1306-435C-BEF9-331E5140CF56}"
EndProject
Project("{2150E333-8FDC-42A3-9474-1A3956D46DE8}") = "Infra.Bus", "Infra.Bus", "{1B3CD4E0-EBF5-4D9F-978E-EBD623D9EB8E}"
EndProject
Project("{2150E333-8FDC-42A3-9474-1A3956D46DE8}") = "Infra.IoC", "Infra.IoC", "{30BFD079-3BF8-453E-A946-AD733F98CAAB}"
EndProject
Project("{2150E333-8FDC-42A3-9474-1A3956D46DE8}") = "Presentation", "Presentation", "{23639E1C-9E85-4294-9A62-223B2D4487E3}"
EndProject
Project("{9A19103F-16F7-4668-BE54-9A1E7A4F7556}") = "MicroRabbit.Domain.Core", "MicroRabbit.Domain.Core\MicroRabbit.Domain.Core.csproj", "{D47933B2-2D1B-4929-AF06-D855307B1F66}"
EndProject
Project("{9A19103F-16F7-4668-BE54-9A1E7A4F7556}") = "MicroRabbit.Infra.Bus", "MicroRabbit.Infra.Bus\MicroRabbit.Infra.Bus.csproj", "{670E0E69-9904-41D7-9CAD-71810DDC95DC}"
EndProject
Project("{9A19103F-16F7-4668-BE54-9A1E7A4F7556}") = "MicroRabbit.Infra.IoC", "MicroRabbit.Infra.IoC\MicroRabbit.Infra.IoC.csproj", "{15342360-E757-4047-90EB-415B2BBABFFB}"
EndProject
Project("{2150E333-8FDC-42A3-9474-1A3956D46DE8}") = "Banking", "Banking", "{C7356927-3DC6-41A9-AFD1-9ABDF20406A7}"
EndProject
Project("{2150E333-8FDC-42A3-9474-1A3956D46DE8}") = "Api", "Api", "{CAD899B4-15A1-4AC4-BA02-C9AFCE2648AE}"
EndProject
Project("{2150E333-8FDC-42A3-9474-1A3956D46DE8}") = "Domain", "Domain", "{9AEF0511-85CD-4D79-900C-E71BC4D40D77}"
EndProject
Project("{2150E333-8FDC-42A3-9474-1A3956D46DE8}") = "Application", "Application", "{88971EB1-3C41-431E-BA50-59085D7A2EBF}"
EndProject
Project("{2150E333-8FDC-42A3-9474-1A3956D46DE8}") = "Data", "Data", "{FD966D21-B8DB-4A69-B6AE-A069BFD0B45D}"
EndProject
Project("{9A19103F-16F7-4668-BE54-9A1E7A4F7556}") = "MicroRabbit.Banking.Api", "MicroRabbit.Banking.Api\MicroRabbit.Banking.Api.csproj", "{7B7E32BE-AB43-4086-B5E5-EC26C94C1587}"
EndProject
Project("{9A19103F-16F7-4668-BE54-9A1E7A4F7556}") = "MicroRabbit.Banking.Application", "MicroRabbit.Banking.Application\MicroRabbit.Banking.Application.csproj", "{EB8A159B-ACC0-4FCE-96FF-7FCB4FA50C7C}"
EndProject
Project("{9A19103F-16F7-4668-BE54-9A1E7A4F7556}") = "MicroRabbit.Banking.Data", "MicroRabbit.Banking.Data\MicroRabbit.Banking.Data.csproj", "{C13FA2BF-DF62-4883-897A-31AA31EE6134}"
EndProject
Project("{9A19103F-16F7-4668-BE54-9A1E7A4F7556}") = "MicroRabbit.Banking.Domain", "MicroRabbit.Banking.Domain\MicroRabbit.Banking.Domain.csproj", "{4BFC4F53-9BAF-4447-A895-0AB5AC399BE0}"
EndProject
Project("{2150E333-8FDC-42A3-9474-1A3956D46DE8}") = "Transfer", "Transfer", "{F9E2199C-1C56-4A31-9182-304FC0E007A7}"
EndProject
Project("{2150E333-8FDC-42A3-9474-1A3956D46DE8}") = "Api", "Api", "{7B0751C9-600A-45AF-9D63-C71EDF803C51}"
EndProject
Project("{2150E333-8FDC-42A3-9474-1A3956D46DE8}") = "Application", "Application", "{9594CF32-AB24-4FBA-BA79-9B9D0CC9B6B8}"
EndProject
Project("{2150E333-8FDC-42A3-9474-1A3956D46DE8}") = "Data", "Data", "{6744AEA7-8A6C-4BA8-BC5D-90A212331C10}"
EndProject
Project("{2150E333-8FDC-42A3-9474-1A3956D46DE8}") = "Domain", "Domain", "{128EB34F-4EA9-4AC4-846B-CD64CF5AF9CA}"
EndProject
Project("{FAE04EC0-301F-11D3-BF4B-00C04F79EFBC}") = "MicroRabbit.TransfertApi", "MicroRabbit.Transfert.Api\MicroRabbit.TransfertApi.csproj", "{AA2C42D0-180B-4E45-B646-39ED0DF7FFB6}"
EndProject
Project("{FAE04EC0-301F-11D3-BF4B-00C04F79EFBC}") = "MicroRabbit.Transfer.Application", "MicroRabbit.Transfer.Application\MicroRabbit.Transfer.Application.csproj", "{B1108DCF-BDB9-46E3-A795-F1394C947A0E}"
EndProject
Project("{FAE04EC0-301F-11D3-BF4B-00C04F79EFBC}") = "MicroRabbit.Transfer.Data", "MicroRabbit.Transfer.Data\MicroRabbit.Transfer.Data.csproj", "{E7FDD7A5-85ED-4256-AD45-7DF41C8758CC}"
EndProject
Project("{FAE04EC0-301F-11D3-BF4B-00C04F79EFBC}") = "MicroRabbit.Transfer.Domain", "MicroRabbit.Transfer.Domain\MicroRabbit.Transfer.Domain.csproj", "{F5245AB7-1DC8-499C-B174-BA737D69F97A}"
EndProject
Global
	GlobalSection(SolutionConfigurationPlatforms) = preSolution
		Debug|Any CPU = Debug|Any CPU
		Release|Any CPU = Release|Any CPU
	EndGlobalSection
	GlobalSection(ProjectConfigurationPlatforms) = postSolution
		{D47933B2-2D1B-4929-AF06-D855307B1F66}.Debug|Any CPU.ActiveCfg = Debug|Any CPU
		{D47933B2-2D1B-4929-AF06-D855307B1F66}.Debug|Any CPU.Build.0 = Debug|Any CPU
		{D47933B2-2D1B-4929-AF06-D855307B1F66}.Release|Any CPU.ActiveCfg = Release|Any CPU
		{D47933B2-2D1B-4929-AF06-D855307B1F66}.Release|Any CPU.Build.0 = Release|Any CPU
		{670E0E69-9904-41D7-9CAD-71810DDC95DC}.Debug|Any CPU.ActiveCfg = Debug|Any CPU
		{670E0E69-9904-41D7-9CAD-71810DDC95DC}.Debug|Any CPU.Build.0 = Debug|Any CPU
		{670E0E69-9904-41D7-9CAD-71810DDC95DC}.Release|Any CPU.ActiveCfg = Release|Any CPU
		{670E0E69-9904-41D7-9CAD-71810DDC95DC}.Release|Any CPU.Build.0 = Release|Any CPU
		{15342360-E757-4047-90EB-415B2BBABFFB}.Debug|Any CPU.ActiveCfg = Debug|Any CPU
		{15342360-E757-4047-90EB-415B2BBABFFB}.Debug|Any CPU.Build.0 = Debug|Any CPU
		{15342360-E757-4047-90EB-415B2BBABFFB}.Release|Any CPU.ActiveCfg = Release|Any CPU
		{15342360-E757-4047-90EB-415B2BBABFFB}.Release|Any CPU.Build.0 = Release|Any CPU
		{7B7E32BE-AB43-4086-B5E5-EC26C94C1587}.Debug|Any CPU.ActiveCfg = Debug|Any CPU
		{7B7E32BE-AB43-4086-B5E5-EC26C94C1587}.Debug|Any CPU.Build.0 = Debug|Any CPU
		{7B7E32BE-AB43-4086-B5E5-EC26C94C1587}.Release|Any CPU.ActiveCfg = Release|Any CPU
		{7B7E32BE-AB43-4086-B5E5-EC26C94C1587}.Release|Any CPU.Build.0 = Release|Any CPU
		{EB8A159B-ACC0-4FCE-96FF-7FCB4FA50C7C}.Debug|Any CPU.ActiveCfg = Debug|Any CPU
		{EB8A159B-ACC0-4FCE-96FF-7FCB4FA50C7C}.Debug|Any CPU.Build.0 = Debug|Any CPU
		{EB8A159B-ACC0-4FCE-96FF-7FCB4FA50C7C}.Release|Any CPU.ActiveCfg = Release|Any CPU
		{EB8A159B-ACC0-4FCE-96FF-7FCB4FA50C7C}.Release|Any CPU.Build.0 = Release|Any CPU
		{C13FA2BF-DF62-4883-897A-31AA31EE6134}.Debug|Any CPU.ActiveCfg = Debug|Any CPU
		{C13FA2BF-DF62-4883-897A-31AA31EE6134}.Debug|Any CPU.Build.0 = Debug|Any CPU
		{C13FA2BF-DF62-4883-897A-31AA31EE6134}.Release|Any CPU.ActiveCfg = Release|Any CPU
		{C13FA2BF-DF62-4883-897A-31AA31EE6134}.Release|Any CPU.Build.0 = Release|Any CPU
		{4BFC4F53-9BAF-4447-A895-0AB5AC399BE0}.Debug|Any CPU.ActiveCfg = Debug|Any CPU
		{4BFC4F53-9BAF-4447-A895-0AB5AC399BE0}.Debug|Any CPU.Build.0 = Debug|Any CPU
		{4BFC4F53-9BAF-4447-A895-0AB5AC399BE0}.Release|Any CPU.ActiveCfg = Release|Any CPU
		{4BFC4F53-9BAF-4447-A895-0AB5AC399BE0}.Release|Any CPU.Build.0 = Release|Any CPU
		{AA2C42D0-180B-4E45-B646-39ED0DF7FFB6}.Debug|Any CPU.ActiveCfg = Debug|Any CPU
		{AA2C42D0-180B-4E45-B646-39ED0DF7FFB6}.Debug|Any CPU.Build.0 = Debug|Any CPU
		{AA2C42D0-180B-4E45-B646-39ED0DF7FFB6}.Release|Any CPU.ActiveCfg = Release|Any CPU
		{AA2C42D0-180B-4E45-B646-39ED0DF7FFB6}.Release|Any CPU.Build.0 = Release|Any CPU
		{B1108DCF-BDB9-46E3-A795-F1394C947A0E}.Debug|Any CPU.ActiveCfg = Debug|Any CPU
		{B1108DCF-BDB9-46E3-A795-F1394C947A0E}.Debug|Any CPU.Build.0 = Debug|Any CPU
		{B1108DCF-BDB9-46E3-A795-F1394C947A0E}.Release|Any CPU.ActiveCfg = Release|Any CPU
		{B1108DCF-BDB9-46E3-A795-F1394C947A0E}.Release|Any CPU.Build.0 = Release|Any CPU
		{E7FDD7A5-85ED-4256-AD45-7DF41C8758CC}.Debug|Any CPU.ActiveCfg = Debug|Any CPU
		{E7FDD7A5-85ED-4256-AD45-7DF41C8758CC}.Debug|Any CPU.Build.0 = Debug|Any CPU
		{E7FDD7A5-85ED-4256-AD45-7DF41C8758CC}.Release|Any CPU.ActiveCfg = Release|Any CPU
		{E7FDD7A5-85ED-4256-AD45-7DF41C8758CC}.Release|Any CPU.Build.0 = Release|Any CPU
		{F5245AB7-1DC8-499C-B174-BA737D69F97A}.Debug|Any CPU.ActiveCfg = Debug|Any CPU
		{F5245AB7-1DC8-499C-B174-BA737D69F97A}.Debug|Any CPU.Build.0 = Debug|Any CPU
		{F5245AB7-1DC8-499C-B174-BA737D69F97A}.Release|Any CPU.ActiveCfg = Release|Any CPU
		{F5245AB7-1DC8-499C-B174-BA737D69F97A}.Release|Any CPU.Build.0 = Release|Any CPU
	EndGlobalSection
	GlobalSection(SolutionProperties) = preSolution
		HideSolutionNode = FALSE
	EndGlobalSection
	GlobalSection(NestedProjects) = preSolution
		{30BFD079-3BF8-453E-A946-AD733F98CAAB} = {1B3CD4E0-EBF5-4D9F-978E-EBD623D9EB8E}
		{D47933B2-2D1B-4929-AF06-D855307B1F66} = {A0CEE95D-1306-435C-BEF9-331E5140CF56}
		{670E0E69-9904-41D7-9CAD-71810DDC95DC} = {1B3CD4E0-EBF5-4D9F-978E-EBD623D9EB8E}
		{15342360-E757-4047-90EB-415B2BBABFFB} = {30BFD079-3BF8-453E-A946-AD733F98CAAB}
		{C7356927-3DC6-41A9-AFD1-9ABDF20406A7} = {953D5788-7C40-4B77-8496-C9470E536979}
		{CAD899B4-15A1-4AC4-BA02-C9AFCE2648AE} = {C7356927-3DC6-41A9-AFD1-9ABDF20406A7}
		{9AEF0511-85CD-4D79-900C-E71BC4D40D77} = {C7356927-3DC6-41A9-AFD1-9ABDF20406A7}
		{88971EB1-3C41-431E-BA50-59085D7A2EBF} = {C7356927-3DC6-41A9-AFD1-9ABDF20406A7}
		{FD966D21-B8DB-4A69-B6AE-A069BFD0B45D} = {C7356927-3DC6-41A9-AFD1-9ABDF20406A7}
		{7B7E32BE-AB43-4086-B5E5-EC26C94C1587} = {CAD899B4-15A1-4AC4-BA02-C9AFCE2648AE}
		{EB8A159B-ACC0-4FCE-96FF-7FCB4FA50C7C} = {88971EB1-3C41-431E-BA50-59085D7A2EBF}
		{C13FA2BF-DF62-4883-897A-31AA31EE6134} = {FD966D21-B8DB-4A69-B6AE-A069BFD0B45D}
		{4BFC4F53-9BAF-4447-A895-0AB5AC399BE0} = {9AEF0511-85CD-4D79-900C-E71BC4D40D77}
		{F9E2199C-1C56-4A31-9182-304FC0E007A7} = {953D5788-7C40-4B77-8496-C9470E536979}
		{7B0751C9-600A-45AF-9D63-C71EDF803C51} = {F9E2199C-1C56-4A31-9182-304FC0E007A7}
		{9594CF32-AB24-4FBA-BA79-9B9D0CC9B6B8} = {F9E2199C-1C56-4A31-9182-304FC0E007A7}
		{6744AEA7-8A6C-4BA8-BC5D-90A212331C10} = {F9E2199C-1C56-4A31-9182-304FC0E007A7}
		{128EB34F-4EA9-4AC4-846B-CD64CF5AF9CA} = {F9E2199C-1C56-4A31-9182-304FC0E007A7}
		{AA2C42D0-180B-4E45-B646-39ED0DF7FFB6} = {7B0751C9-600A-45AF-9D63-C71EDF803C51}
		{B1108DCF-BDB9-46E3-A795-F1394C947A0E} = {9594CF32-AB24-4FBA-BA79-9B9D0CC9B6B8}
		{E7FDD7A5-85ED-4256-AD45-7DF41C8758CC} = {6744AEA7-8A6C-4BA8-BC5D-90A212331C10}
		{F5245AB7-1DC8-499C-B174-BA737D69F97A} = {128EB34F-4EA9-4AC4-846B-CD64CF5AF9CA}
	EndGlobalSection
	GlobalSection(ExtensibilityGlobals) = postSolution
		SolutionGuid = {08AB255E-9A5E-4A16-91DD-E74F2E67389C}
	EndGlobalSection
EndGlobal
